
Microsoft Visual Studio Solution File, Format Version 12.00
# Visual Studio 15
VisualStudioVersion = 15.0.28307.271
MinimumVisualStudioVersion = 10.0.40219.1
Project("{FAE04EC0-301F-11D3-BF4B-00C04F79EFBC}") = "WPF_ExampleApp", "WPF_ExampleApp\WPF_ExampleApp.csproj", "{87D90113-7FEE-4437-BDF5-3043F85960BE}"
EndProject
Global
	GlobalSection(SolutionConfigurationPlatforms) = preSolution
		Debug|Any CPU = Debug|Any CPU
		Release|Any CPU = Release|Any CPU
	EndGlobalSection
	GlobalSection(ProjectConfigurationPlatforms) = postSolution
		{87D90113-7FEE-4437-BDF5-3043F85960BE}.Debug|Any CPU.ActiveCfg = Debug|Any CPU
		{87D90113-7FEE-4437-BDF5-3043F85960BE}.Debug|Any CPU.Build.0 = Debug|Any CPU
		{87D90113-7FEE-4437-BDF5-3043F85960BE}.Release|Any CPU.ActiveCfg = Release|Any CPU
		{87D90113-7FEE-4437-BDF5-3043F85960BE}.Release|Any CPU.Build.0 = Release|Any CPU
	EndGlobalSection
	GlobalSection(SolutionProperties) = preSolution
		HideSolutionNode = FALSE
	EndGlobalSection
	GlobalSection(ExtensibilityGlobals) = postSolution
		SolutionGuid = {BFFED85E-587E-47C6-9CB5-FFC9751E9409}
	EndGlobalSection
EndGlobal
